
Microsoft Visual Studio Solution File, Format Version 12.00
# Visual Studio Version 17
VisualStudioVersion = 17.3.32611.2
MinimumVisualStudioVersion = 10.0.40219.1
Project("{9A19103F-16F7-4668-BE54-9A1E7A4F7556}") = "UpdaterServer.Domain", "src\UpdaterServer.Domain\UpdaterServer.Domain.csproj", "{554AD327-6DBA-4F8F-96F8-81CE7A0C863F}"
EndProject
Project("{9A19103F-16F7-4668-BE54-9A1E7A4F7556}") = "UpdaterServer.Application", "src\UpdaterServer.Application\UpdaterServer.Application.csproj", "{1A94A50E-06DC-43C1-80B5-B662820EC3EB}"
EndProject
Project("{9A19103F-16F7-4668-BE54-9A1E7A4F7556}") = "UpdaterServer.EntityFrameworkCore", "src\UpdaterServer.EntityFrameworkCore\UpdaterServer.EntityFrameworkCore.csproj", "{C956DD76-69C8-4A9C-83EA-D17DF83340FD}"
EndProject
Project("{2150E333-8FDC-42A3-9474-1A3956D46DE8}") = "src", "src", "{CA9AC87F-097E-4F15-8393-4BC07735A5B0}"
EndProject
Project("{9A19103F-16F7-4668-BE54-9A1E7A4F7556}") = "UpdaterServer.Domain.Shared", "src\UpdaterServer.Domain.Shared\UpdaterServer.Domain.Shared.csproj", "{42F719ED-8413-4895-B5B4-5AB56079BC66}"
EndProject
Project("{9A19103F-16F7-4668-BE54-9A1E7A4F7556}") = "UpdaterServer.Application.Contracts", "src\UpdaterServer.Application.Contracts\UpdaterServer.Application.Contracts.csproj", "{520659C8-C734-4298-A3DA-B539DB9DFC0B}"
EndProject
Project("{9A19103F-16F7-4668-BE54-9A1E7A4F7556}") = "UpdaterServer.HttpApi", "src\UpdaterServer.HttpApi\UpdaterServer.HttpApi.csproj", "{4164BDF7-F527-4E85-9CE6-E3C2D7426A27}"
EndProject
Project("{9A19103F-16F7-4668-BE54-9A1E7A4F7556}") = "UpdaterServer.HttpApi.Client", "src\UpdaterServer.HttpApi.Client\UpdaterServer.HttpApi.Client.csproj", "{3B5A0094-670D-4BB1-BFDD-61B88A8773DC}"
EndProject
Project("{9A19103F-16F7-4668-BE54-9A1E7A4F7556}") = "UpdaterServer.DbMigrator", "src\UpdaterServer.DbMigrator\UpdaterServer.DbMigrator.csproj", "{70680696-BB1E-4383-BCB2-42C3767171FB}"
EndProject
Project("{9A19103F-16F7-4668-BE54-9A1E7A4F7556}") = "UpdaterServer.HttpApi.Host", "src\UpdaterServer.HttpApi.Host\UpdaterServer.HttpApi.Host.csproj", "{96E5259E-59A3-4FAF-BCD1-5BF8E74EF82C}"
EndProject
Project("{FAE04EC0-301F-11D3-BF4B-00C04F79EFBC}") = "UpdaterServer.AppHost", "src\UpdaterServer.AppHost\UpdaterServer.AppHost.csproj", "{789DB383-02E1-4A04-BE1C-28A3CE28DE96}"
EndProject
Project("{FAE04EC0-301F-11D3-BF4B-00C04F79EFBC}") = "UpdaterServer.ServiceDefaults", "src\UpdaterServer.ServiceDefaults\UpdaterServer.ServiceDefaults.csproj", "{55564EEF-685D-4B30-BA90-9B05F848A460}"
EndProject
Project("{2150E333-8FDC-42A3-9474-1A3956D46DE8}") = "test", "test", "{CB0BD557-2569-40E0-858F-466B08C09BD4}"
EndProject
Project("{FAE04EC0-301F-11D3-BF4B-00C04F79EFBC}") = "UpdaterServer.Domain.Tests", "test\UpdaterServer.Domain.Tests\UpdaterServer.Domain.Tests.csproj", "{1F29DE48-E2A0-447D-BA3D-A201F5233A9B}"
EndProject
Project("{FAE04EC0-301F-11D3-BF4B-00C04F79EFBC}") = "UpdaterServer.TestBase", "test\UpdaterServer.TestBase\UpdaterServer.TestBase.csproj", "{215E1A9C-E9DE-4674-9AED-1F1703CD431A}"
EndProject
Project("{FAE04EC0-301F-11D3-BF4B-00C04F79EFBC}") = "UpdaterServer.EntityFrameworkCore.Tests", "test\UpdaterServer.EntityFrameworkCore.Tests\UpdaterServer.EntityFrameworkCore.Tests.csproj", "{C17EBAAF-1B77-4F8F-9189-122B4F17F1B9}"
EndProject
Project("{FAE04EC0-301F-11D3-BF4B-00C04F79EFBC}") = "UpdaterServer.Application.Tests", "test\UpdaterServer.Application.Tests\UpdaterServer.Application.Tests.csproj", "{0110CC63-BE9B-4E72-8969-C767FEB84203}"
EndProject
Project("{FAE04EC0-301F-11D3-BF4B-00C04F79EFBC}") = "UpdaterServer.HttpApi.Client.ConsoleTestApp", "test\UpdaterServer.HttpApi.Client.ConsoleTestApp\UpdaterServer.HttpApi.Client.ConsoleTestApp.csproj", "{8D6BBC36-D762-4756-84C6-23A9DB0A8423}"
EndProject
Global
	GlobalSection(SolutionConfigurationPlatforms) = preSolution
		Debug|Any CPU = Debug|Any CPU
		Release|Any CPU = Release|Any CPU
	EndGlobalSection
	GlobalSection(ProjectConfigurationPlatforms) = postSolution
		{554AD327-6DBA-4F8F-96F8-81CE7A0C863F}.Debug|Any CPU.ActiveCfg = Debug|Any CPU
		{554AD327-6DBA-4F8F-96F8-81CE7A0C863F}.Debug|Any CPU.Build.0 = Debug|Any CPU
		{554AD327-6DBA-4F8F-96F8-81CE7A0C863F}.Release|Any CPU.ActiveCfg = Release|Any CPU
		{554AD327-6DBA-4F8F-96F8-81CE7A0C863F}.Release|Any CPU.Build.0 = Release|Any CPU
		{1A94A50E-06DC-43C1-80B5-B662820EC3EB}.Debug|Any CPU.ActiveCfg = Debug|Any CPU
		{1A94A50E-06DC-43C1-80B5-B662820EC3EB}.Debug|Any CPU.Build.0 = Debug|Any CPU
		{1A94A50E-06DC-43C1-80B5-B662820EC3EB}.Release|Any CPU.ActiveCfg = Release|Any CPU
		{1A94A50E-06DC-43C1-80B5-B662820EC3EB}.Release|Any CPU.Build.0 = Release|Any CPU
		{C956DD76-69C8-4A9C-83EA-D17DF83340FD}.Debug|Any CPU.ActiveCfg = Debug|Any CPU
		{C956DD76-69C8-4A9C-83EA-D17DF83340FD}.Debug|Any CPU.Build.0 = Debug|Any CPU
		{C956DD76-69C8-4A9C-83EA-D17DF83340FD}.Release|Any CPU.ActiveCfg = Release|Any CPU
		{C956DD76-69C8-4A9C-83EA-D17DF83340FD}.Release|Any CPU.Build.0 = Release|Any CPU
		{42F719ED-8413-4895-B5B4-5AB56079BC66}.Debug|Any CPU.ActiveCfg = Debug|Any CPU
		{42F719ED-8413-4895-B5B4-5AB56079BC66}.Debug|Any CPU.Build.0 = Debug|Any CPU
		{42F719ED-8413-4895-B5B4-5AB56079BC66}.Release|Any CPU.ActiveCfg = Release|Any CPU
		{42F719ED-8413-4895-B5B4-5AB56079BC66}.Release|Any CPU.Build.0 = Release|Any CPU
		{520659C8-C734-4298-A3DA-B539DB9DFC0B}.Debug|Any CPU.ActiveCfg = Debug|Any CPU
		{520659C8-C734-4298-A3DA-B539DB9DFC0B}.Debug|Any CPU.Build.0 = Debug|Any CPU
		{520659C8-C734-4298-A3DA-B539DB9DFC0B}.Release|Any CPU.ActiveCfg = Release|Any CPU
		{520659C8-C734-4298-A3DA-B539DB9DFC0B}.Release|Any CPU.Build.0 = Release|Any CPU
		{4164BDF7-F527-4E85-9CE6-E3C2D7426A27}.Debug|Any CPU.ActiveCfg = Debug|Any CPU
		{4164BDF7-F527-4E85-9CE6-E3C2D7426A27}.Debug|Any CPU.Build.0 = Debug|Any CPU
		{4164BDF7-F527-4E85-9CE6-E3C2D7426A27}.Release|Any CPU.ActiveCfg = Release|Any CPU
		{4164BDF7-F527-4E85-9CE6-E3C2D7426A27}.Release|Any CPU.Build.0 = Release|Any CPU
		{3B5A0094-670D-4BB1-BFDD-61B88A8773DC}.Debug|Any CPU.ActiveCfg = Debug|Any CPU
		{3B5A0094-670D-4BB1-BFDD-61B88A8773DC}.Debug|Any CPU.Build.0 = Debug|Any CPU
		{3B5A0094-670D-4BB1-BFDD-61B88A8773DC}.Release|Any CPU.ActiveCfg = Release|Any CPU
		{3B5A0094-670D-4BB1-BFDD-61B88A8773DC}.Release|Any CPU.Build.0 = Release|Any CPU
		{70680696-BB1E-4383-BCB2-42C3767171FB}.Debug|Any CPU.ActiveCfg = Debug|Any CPU
		{70680696-BB1E-4383-BCB2-42C3767171FB}.Debug|Any CPU.Build.0 = Debug|Any CPU
		{70680696-BB1E-4383-BCB2-42C3767171FB}.Release|Any CPU.ActiveCfg = Release|Any CPU
		{70680696-BB1E-4383-BCB2-42C3767171FB}.Release|Any CPU.Build.0 = Release|Any CPU
		{96E5259E-59A3-4FAF-BCD1-5BF8E74EF82C}.Debug|Any CPU.ActiveCfg = Debug|Any CPU
		{96E5259E-59A3-4FAF-BCD1-5BF8E74EF82C}.Debug|Any CPU.Build.0 = Debug|Any CPU
		{96E5259E-59A3-4FAF-BCD1-5BF8E74EF82C}.Release|Any CPU.ActiveCfg = Release|Any CPU
		{96E5259E-59A3-4FAF-BCD1-5BF8E74EF82C}.Release|Any CPU.Build.0 = Release|Any CPU
		{789DB383-02E1-4A04-BE1C-28A3CE28DE96}.Debug|Any CPU.ActiveCfg = Debug|Any CPU
		{789DB383-02E1-4A04-BE1C-28A3CE28DE96}.Debug|Any CPU.Build.0 = Debug|Any CPU
		{789DB383-02E1-4A04-BE1C-28A3CE28DE96}.Release|Any CPU.ActiveCfg = Release|Any CPU
		{789DB383-02E1-4A04-BE1C-28A3CE28DE96}.Release|Any CPU.Build.0 = Release|Any CPU
		{55564EEF-685D-4B30-BA90-9B05F848A460}.Debug|Any CPU.ActiveCfg = Debug|Any CPU
		{55564EEF-685D-4B30-BA90-9B05F848A460}.Debug|Any CPU.Build.0 = Debug|Any CPU
		{55564EEF-685D-4B30-BA90-9B05F848A460}.Release|Any CPU.ActiveCfg = Release|Any CPU
		{55564EEF-685D-4B30-BA90-9B05F848A460}.Release|Any CPU.Build.0 = Release|Any CPU
		{1F29DE48-E2A0-447D-BA3D-A201F5233A9B}.Debug|Any CPU.ActiveCfg = Debug|Any CPU
		{1F29DE48-E2A0-447D-BA3D-A201F5233A9B}.Debug|Any CPU.Build.0 = Debug|Any CPU
		{1F29DE48-E2A0-447D-BA3D-A201F5233A9B}.Release|Any CPU.ActiveCfg = Release|Any CPU
		{1F29DE48-E2A0-447D-BA3D-A201F5233A9B}.Release|Any CPU.Build.0 = Release|Any CPU
		{215E1A9C-E9DE-4674-9AED-1F1703CD431A}.Debug|Any CPU.ActiveCfg = Debug|Any CPU
		{215E1A9C-E9DE-4674-9AED-1F1703CD431A}.Debug|Any CPU.Build.0 = Debug|Any CPU
		{215E1A9C-E9DE-4674-9AED-1F1703CD431A}.Release|Any CPU.ActiveCfg = Release|Any CPU
		{215E1A9C-E9DE-4674-9AED-1F1703CD431A}.Release|Any CPU.Build.0 = Release|Any CPU
		{C17EBAAF-1B77-4F8F-9189-122B4F17F1B9}.Debug|Any CPU.ActiveCfg = Debug|Any CPU
		{C17EBAAF-1B77-4F8F-9189-122B4F17F1B9}.Debug|Any CPU.Build.0 = Debug|Any CPU
		{C17EBAAF-1B77-4F8F-9189-122B4F17F1B9}.Release|Any CPU.ActiveCfg = Release|Any CPU
		{C17EBAAF-1B77-4F8F-9189-122B4F17F1B9}.Release|Any CPU.Build.0 = Release|Any CPU
		{0110CC63-BE9B-4E72-8969-C767FEB84203}.Debug|Any CPU.ActiveCfg = Debug|Any CPU
		{0110CC63-BE9B-4E72-8969-C767FEB84203}.Debug|Any CPU.Build.0 = Debug|Any CPU
		{0110CC63-BE9B-4E72-8969-C767FEB84203}.Release|Any CPU.ActiveCfg = Release|Any CPU
		{0110CC63-BE9B-4E72-8969-C767FEB84203}.Release|Any CPU.Build.0 = Release|Any CPU
		{8D6BBC36-D762-4756-84C6-23A9DB0A8423}.Debug|Any CPU.ActiveCfg = Debug|Any CPU
		{8D6BBC36-D762-4756-84C6-23A9DB0A8423}.Debug|Any CPU.Build.0 = Debug|Any CPU
		{8D6BBC36-D762-4756-84C6-23A9DB0A8423}.Release|Any CPU.ActiveCfg = Release|Any CPU
		{8D6BBC36-D762-4756-84C6-23A9DB0A8423}.Release|Any CPU.Build.0 = Release|Any CPU
	EndGlobalSection
	GlobalSection(SolutionProperties) = preSolution
		HideSolutionNode = FALSE
	EndGlobalSection
	GlobalSection(NestedProjects) = preSolution
		{554AD327-6DBA-4F8F-96F8-81CE7A0C863F} = {CA9AC87F-097E-4F15-8393-4BC07735A5B0}
		{1A94A50E-06DC-43C1-80B5-B662820EC3EB} = {CA9AC87F-097E-4F15-8393-4BC07735A5B0}
		{C956DD76-69C8-4A9C-83EA-D17DF83340FD} = {CA9AC87F-097E-4F15-8393-4BC07735A5B0}
		{42F719ED-8413-4895-B5B4-5AB56079BC66} = {CA9AC87F-097E-4F15-8393-4BC07735A5B0}
		{520659C8-C734-4298-A3DA-B539DB9DFC0B} = {CA9AC87F-097E-4F15-8393-4BC07735A5B0}
		{4164BDF7-F527-4E85-9CE6-E3C2D7426A27} = {CA9AC87F-097E-4F15-8393-4BC07735A5B0}
		{3B5A0094-670D-4BB1-BFDD-61B88A8773DC} = {CA9AC87F-097E-4F15-8393-4BC07735A5B0}
		{70680696-BB1E-4383-BCB2-42C3767171FB} = {CA9AC87F-097E-4F15-8393-4BC07735A5B0}
		{96E5259E-59A3-4FAF-BCD1-5BF8E74EF82C} = {CA9AC87F-097E-4F15-8393-4BC07735A5B0}
		{789DB383-02E1-4A04-BE1C-28A3CE28DE96} = {CA9AC87F-097E-4F15-8393-4BC07735A5B0}
		{55564EEF-685D-4B30-BA90-9B05F848A460} = {CA9AC87F-097E-4F15-8393-4BC07735A5B0}
		{1F29DE48-E2A0-447D-BA3D-A201F5233A9B} = {CB0BD557-2569-40E0-858F-466B08C09BD4}
		{215E1A9C-E9DE-4674-9AED-1F1703CD431A} = {CB0BD557-2569-40E0-858F-466B08C09BD4}
		{C17EBAAF-1B77-4F8F-9189-122B4F17F1B9} = {CB0BD557-2569-40E0-858F-466B08C09BD4}
		{0110CC63-BE9B-4E72-8969-C767FEB84203} = {CB0BD557-2569-40E0-858F-466B08C09BD4}
		{8D6BBC36-D762-4756-84C6-23A9DB0A8423} = {CB0BD557-2569-40E0-858F-466B08C09BD4}
	EndGlobalSection
	GlobalSection(ExtensibilityGlobals) = postSolution
		SolutionGuid = {28315BFD-90E7-4E14-A2EA-F3D23AF4126F}
	EndGlobalSection
EndGlobal
